
Microsoft Visual Studio Solution File, Format Version 12.00
# Visual Studio 15
VisualStudioVersion = 15.0.28010.2016
MinimumVisualStudioVersion = 10.0.40219.1
Project("{8BC9CEB8-8B4A-11D0-8D11-00A0C91BC942}") = "ShutDownTimer", "ShutDownTimer\ShutDownTimer.vcxproj", "{ED54AE89-2D7E-454D-B916-6F735F5F7E1A}"
EndProject
Global
	GlobalSection(SolutionConfigurationPlatforms) = preSolution
		Debug|x64 = Debug|x64
		Debug|x86 = Debug|x86
		Release|x64 = Release|x64
		Release|x86 = Release|x86
	EndGlobalSection
	GlobalSection(ProjectConfigurationPlatforms) = postSolution
		{ED54AE89-2D7E-454D-B916-6F735F5F7E1A}.Debug|x64.ActiveCfg = Debug|x64
		{ED54AE89-2D7E-454D-B916-6F735F5F7E1A}.Debug|x64.Build.0 = Debug|x64
		{ED54AE89-2D7E-454D-B916-6F735F5F7E1A}.Debug|x86.ActiveCfg = Debug|Win32
		{ED54AE89-2D7E-454D-B916-6F735F5F7E1A}.Debug|x86.Build.0 = Debug|Win32
		{ED54AE89-2D7E-454D-B916-6F735F5F7E1A}.Release|x64.ActiveCfg = Release|x64
		{ED54AE89-2D7E-454D-B916-6F735F5F7E1A}.Release|x64.Build.0 = Release|x64
		{ED54AE89-2D7E-454D-B916-6F735F5F7E1A}.Release|x86.ActiveCfg = Release|Win32
		{ED54AE89-2D7E-454D-B916-6F735F5F7E1A}.Release|x86.Build.0 = Release|Win32
	EndGlobalSection
	GlobalSection(SolutionProperties) = preSolution
		HideSolutionNode = FALSE
	EndGlobalSection
	GlobalSection(ExtensibilityGlobals) = postSolution
		SolutionGuid = {4E9077A8-B179-44C3-B492-79F6764CA504}
	EndGlobalSection
EndGlobal
